
Microsoft Visual Studio Solution File, Format Version 12.00
# Visual Studio 15
VisualStudioVersion = 15.0.28010.2019
MinimumVisualStudioVersion = 10.0.40219.1
Project("{FAE04EC0-301F-11D3-BF4B-00C04F79EFBC}") = "Lesson-1", "Lesson-1\Lesson-1.csproj", "{EE995513-9C78-4877-BF55-A4155900F7F5}"
EndProject
Global
	GlobalSection(SolutionConfigurationPlatforms) = preSolution
		Debug|Any CPU = Debug|Any CPU
		Release|Any CPU = Release|Any CPU
	EndGlobalSection
	GlobalSection(ProjectConfigurationPlatforms) = postSolution
		{EE995513-9C78-4877-BF55-A4155900F7F5}.Debug|Any CPU.ActiveCfg = Debug|Any CPU
		{EE995513-9C78-4877-BF55-A4155900F7F5}.Debug|Any CPU.Build.0 = Debug|Any CPU
		{EE995513-9C78-4877-BF55-A4155900F7F5}.Release|Any CPU.ActiveCfg = Release|Any CPU
		{EE995513-9C78-4877-BF55-A4155900F7F5}.Release|Any CPU.Build.0 = Release|Any CPU
	EndGlobalSection
	GlobalSection(SolutionProperties) = preSolution
		HideSolutionNode = FALSE
	EndGlobalSection
	GlobalSection(ExtensibilityGlobals) = postSolution
		SolutionGuid = {60C65B13-8323-47C8-A4FF-27B59D368130}
	EndGlobalSection
EndGlobal
