
Microsoft Visual Studio Solution File, Format Version 12.00
# Visual Studio Version 17
VisualStudioVersion = 17.4.33103.184
MinimumVisualStudioVersion = 10.0.40219.1
Project("{FAE04EC0-301F-11D3-BF4B-00C04F79EFBC}") = "WpfApp1", "WpfApp1\WpfApp1.csproj", "{B49CED99-BE16-45E7-89F5-5AC323A22477}"
EndProject
Global
	GlobalSection(SolutionConfigurationPlatforms) = preSolution
		Debug|Any CPU = Debug|Any CPU
		Release|Any CPU = Release|Any CPU
	EndGlobalSection
	GlobalSection(ProjectConfigurationPlatforms) = postSolution
		{B49CED99-BE16-45E7-89F5-5AC323A22477}.Debug|Any CPU.ActiveCfg = Debug|Any CPU
		{B49CED99-BE16-45E7-89F5-5AC323A22477}.Debug|Any CPU.Build.0 = Debug|Any CPU
		{B49CED99-BE16-45E7-89F5-5AC323A22477}.Release|Any CPU.ActiveCfg = Release|Any CPU
		{B49CED99-BE16-45E7-89F5-5AC323A22477}.Release|Any CPU.Build.0 = Release|Any CPU
	EndGlobalSection
	GlobalSection(SolutionProperties) = preSolution
		HideSolutionNode = FALSE
	EndGlobalSection
	GlobalSection(ExtensibilityGlobals) = postSolution
		SolutionGuid = {475C967D-FF63-402C-93BB-5536D6C6B4F6}
	EndGlobalSection
EndGlobal
